
Microsoft Visual Studio Solution File, Format Version 12.00
# Visual Studio Version 16
VisualStudioVersion = 16.0.28407.52
MinimumVisualStudioVersion = 10.0.40219.1
Project("{FAE04EC0-301F-11D3-BF4B-00C04F79EFBC}") = "Telebot", "Telebot\Telebot.csproj", "{208839A7-FBFF-46EB-B8AA-3E6319573FB0}"
EndProject
Project("{FAE04EC0-301F-11D3-BF4B-00C04F79EFBC}") = "SpecInfo", "SpecInfo\SpecInfo.csproj", "{9E005723-6DE8-4E46-A4FD-794ED84978D2}"
EndProject
Global
	GlobalSection(SolutionConfigurationPlatforms) = preSolution
		Debug|Any CPU = Debug|Any CPU
		Release|Any CPU = Release|Any CPU
	EndGlobalSection
	GlobalSection(ProjectConfigurationPlatforms) = postSolution
		{208839A7-FBFF-46EB-B8AA-3E6319573FB0}.Debug|Any CPU.ActiveCfg = Debug|Any CPU
		{208839A7-FBFF-46EB-B8AA-3E6319573FB0}.Debug|Any CPU.Build.0 = Debug|Any CPU
		{208839A7-FBFF-46EB-B8AA-3E6319573FB0}.Release|Any CPU.ActiveCfg = Release|Any CPU
		{208839A7-FBFF-46EB-B8AA-3E6319573FB0}.Release|Any CPU.Build.0 = Release|Any CPU
		{9E005723-6DE8-4E46-A4FD-794ED84978D2}.Debug|Any CPU.ActiveCfg = Debug|Any CPU
		{9E005723-6DE8-4E46-A4FD-794ED84978D2}.Debug|Any CPU.Build.0 = Debug|Any CPU
		{9E005723-6DE8-4E46-A4FD-794ED84978D2}.Release|Any CPU.ActiveCfg = Release|Any CPU
		{9E005723-6DE8-4E46-A4FD-794ED84978D2}.Release|Any CPU.Build.0 = Release|Any CPU
	EndGlobalSection
	GlobalSection(SolutionProperties) = preSolution
		HideSolutionNode = FALSE
	EndGlobalSection
	GlobalSection(ExtensibilityGlobals) = postSolution
		SolutionGuid = {5B2CEA93-2D07-498E-997E-606E00FB2CAB}
	EndGlobalSection
EndGlobal
