
Microsoft Visual Studio Solution File, Format Version 12.00
# Visual Studio Version 16
VisualStudioVersion = 16.0.28407.52
MinimumVisualStudioVersion = 10.0.40219.1
Project("{FAE04EC0-301F-11D3-BF4B-00C04F79EFBC}") = "Telebot", "Telebot\Telebot.csproj", "{208839A7-FBFF-46EB-B8AA-3E6319573FB0}"
EndProject
Project("{FAE04EC0-301F-11D3-BF4B-00C04F79EFBC}") = "CPUID", "CPUID\CPUID.csproj", "{BE642C45-8519-49FD-A45D-B5BF07C9FF96}"
EndProject
Project("{FAE04EC0-301F-11D3-BF4B-00C04F79EFBC}") = "AlertPlugin", "Plugins\AlertPlugin\AlertPlugin.csproj", "{C8779BCC-5A76-4968-A5AE-5AC85B70C759}"
EndProject
Project("{2150E333-8FDC-42A3-9474-1A3956D46DE8}") = "Plugins", "Plugins", "{CAD3EA13-E0DC-4CD9-8499-5BC6A45CFA46}"
EndProject
Project("{FAE04EC0-301F-11D3-BF4B-00C04F79EFBC}") = "AppsPlugin", "Plugins\AppsPlugin\AppsPlugin.csproj", "{CE972A42-5322-4EBA-ABB7-1403CBB007BC}"
EndProject
Project("{FAE04EC0-301F-11D3-BF4B-00C04F79EFBC}") = "DimPlugin", "Plugins\DimPlugin\DimPlugin.csproj", "{F622BEEB-CB4B-4AF1-95CA-E928923AFAEC}"
EndProject
Project("{FAE04EC0-301F-11D3-BF4B-00C04F79EFBC}") = "CapAppPlugin", "Plugins\CapAppPlugin\CapAppPlugin.csproj", "{5F021E0D-EDEE-47C2-A57E-5EEC855D7154}"
EndProject
Project("{FAE04EC0-301F-11D3-BF4B-00C04F79EFBC}") = "Common", "Common\Common.csproj", "{E2DB7CE9-5589-42B6-BAFA-6A6D91483BCA}"
EndProject
Project("{FAE04EC0-301F-11D3-BF4B-00C04F79EFBC}") = "CapScrnPlugin", "Plugins\CapPlugin\CapScrnPlugin.csproj", "{CE24A3EF-99E1-4FD1-B33C-D984D1243B2C}"
EndProject
Project("{FAE04EC0-301F-11D3-BF4B-00C04F79EFBC}") = "CapTimePlugin", "Plugins\CapTimePlugin\CapTimePlugin.csproj", "{FCA64D80-BA00-4D7D-AE07-AD5F96DF4391}"
EndProject
Project("{FAE04EC0-301F-11D3-BF4B-00C04F79EFBC}") = "ExitPlugin", "Plugins\ExitPlugin\ExitPlugin.csproj", "{DF891895-3635-49B0-8FC7-6E6663CECB81}"
EndProject
Project("{FAE04EC0-301F-11D3-BF4B-00C04F79EFBC}") = "KillPlugin", "Plugins\KillPlugin\KillPlugin.csproj", "{072710EF-3F79-4A27-A076-82C3DCA5732B}"
EndProject
Project("{FAE04EC0-301F-11D3-BF4B-00C04F79EFBC}") = "LanPlugin", "Plugins\LanPlugin\LanPlugin.csproj", "{365DA20E-7497-45B0-8C09-D490DC680848}"
EndProject
Project("{FAE04EC0-301F-11D3-BF4B-00C04F79EFBC}") = "PowerPlugin", "Plugins\PowerPlugin\PowerPlugin.csproj", "{D3DC58C9-E5EA-47DC-AA29-4EADE8CCFA8D}"
EndProject
Project("{FAE04EC0-301F-11D3-BF4B-00C04F79EFBC}") = "RestartPlugin", "Plugins\RestartPlugin\RestartPlugin.csproj", "{AAEF5CDE-3B37-4FDC-A34B-04335B8BFFF0}"
EndProject
Project("{FAE04EC0-301F-11D3-BF4B-00C04F79EFBC}") = "DisplayPlugin", "Plugins\DisplayPlugin\DisplayPlugin.csproj", "{728173EA-1F9A-4DF1-B98E-407F8C9D7C11}"
EndProject
Project("{FAE04EC0-301F-11D3-BF4B-00C04F79EFBC}") = "ShutdownPlugin", "Plugins\ShutdownPlugin\ShutdownPlugin.csproj", "{7B215AC7-ADA4-4D3F-B12B-B3932E6CB67F}"
EndProject
Project("{FAE04EC0-301F-11D3-BF4B-00C04F79EFBC}") = "SpecPlugin", "Plugins\SpecPlugin\SpecPlugin.csproj", "{C8883CD8-3BD3-47AB-A0B7-68C680D36E20}"
EndProject
Project("{FAE04EC0-301F-11D3-BF4B-00C04F79EFBC}") = "TempTimePlugin", "Plugins\TempTimePlugin\TempTimePlugin.csproj", "{3F05D812-C9D0-45C3-92C6-84A79FA7A9EE}"
EndProject
Project("{FAE04EC0-301F-11D3-BF4B-00C04F79EFBC}") = "TempWarnPlugin", "Plugins\TempWarnPlugin\TempWarnPlugin.csproj", "{CC092074-344F-4040-82F7-0DA201EFC7F9}"
EndProject
Project("{FAE04EC0-301F-11D3-BF4B-00C04F79EFBC}") = "VolPlugin", "Plugins\VolPlugin\VolPlugin.csproj", "{5AE16E0F-3B9B-47FB-AB16-D9BD6FEA7086}"
EndProject
Project("{FAE04EC0-301F-11D3-BF4B-00C04F79EFBC}") = "StatusPlugin", "Plugins\StatusPlugin\StatusPlugin.csproj", "{AAF70E22-E82A-4315-A1D9-2781A754E355}"
EndProject
Project("{FAE04EC0-301F-11D3-BF4B-00C04F79EFBC}") = "HelpPlugin", "Plugins\HelpPlugin\HelpPlugin.csproj", "{726622FD-C7BA-4922-82F2-2D623E9E0264}"
EndProject
Project("{FAE04EC0-301F-11D3-BF4B-00C04F79EFBC}") = "UpdatePlugin", "Plugins\UpdatePlugin\UpdatePlugin.csproj", "{52D33126-6182-45E0-8110-E959BAFF72F8}"
EndProject
Project("{FAE04EC0-301F-11D3-BF4B-00C04F79EFBC}") = "Updater", "Updater\Updater.csproj", "{8AEB1F98-C5E9-42ED-94DE-20A2BDEC2DBA}"
EndProject
Global
	GlobalSection(SolutionConfigurationPlatforms) = preSolution
		Debug|Any CPU = Debug|Any CPU
		Release|Any CPU = Release|Any CPU
	EndGlobalSection
	GlobalSection(ProjectConfigurationPlatforms) = postSolution
		{208839A7-FBFF-46EB-B8AA-3E6319573FB0}.Debug|Any CPU.ActiveCfg = Debug|Any CPU
		{208839A7-FBFF-46EB-B8AA-3E6319573FB0}.Debug|Any CPU.Build.0 = Debug|Any CPU
		{208839A7-FBFF-46EB-B8AA-3E6319573FB0}.Release|Any CPU.ActiveCfg = Release|Any CPU
		{208839A7-FBFF-46EB-B8AA-3E6319573FB0}.Release|Any CPU.Build.0 = Release|Any CPU
		{BE642C45-8519-49FD-A45D-B5BF07C9FF96}.Debug|Any CPU.ActiveCfg = Debug|Any CPU
		{BE642C45-8519-49FD-A45D-B5BF07C9FF96}.Debug|Any CPU.Build.0 = Debug|Any CPU
		{BE642C45-8519-49FD-A45D-B5BF07C9FF96}.Release|Any CPU.ActiveCfg = Release|Any CPU
		{BE642C45-8519-49FD-A45D-B5BF07C9FF96}.Release|Any CPU.Build.0 = Release|Any CPU
		{C8779BCC-5A76-4968-A5AE-5AC85B70C759}.Debug|Any CPU.ActiveCfg = Debug|Any CPU
		{C8779BCC-5A76-4968-A5AE-5AC85B70C759}.Debug|Any CPU.Build.0 = Debug|Any CPU
		{C8779BCC-5A76-4968-A5AE-5AC85B70C759}.Release|Any CPU.ActiveCfg = Release|Any CPU
		{C8779BCC-5A76-4968-A5AE-5AC85B70C759}.Release|Any CPU.Build.0 = Release|Any CPU
		{CE972A42-5322-4EBA-ABB7-1403CBB007BC}.Debug|Any CPU.ActiveCfg = Debug|Any CPU
		{CE972A42-5322-4EBA-ABB7-1403CBB007BC}.Debug|Any CPU.Build.0 = Debug|Any CPU
		{CE972A42-5322-4EBA-ABB7-1403CBB007BC}.Release|Any CPU.ActiveCfg = Release|Any CPU
		{CE972A42-5322-4EBA-ABB7-1403CBB007BC}.Release|Any CPU.Build.0 = Release|Any CPU
		{F622BEEB-CB4B-4AF1-95CA-E928923AFAEC}.Debug|Any CPU.ActiveCfg = Debug|Any CPU
		{F622BEEB-CB4B-4AF1-95CA-E928923AFAEC}.Debug|Any CPU.Build.0 = Debug|Any CPU
		{F622BEEB-CB4B-4AF1-95CA-E928923AFAEC}.Release|Any CPU.ActiveCfg = Release|Any CPU
		{F622BEEB-CB4B-4AF1-95CA-E928923AFAEC}.Release|Any CPU.Build.0 = Release|Any CPU
		{5F021E0D-EDEE-47C2-A57E-5EEC855D7154}.Debug|Any CPU.ActiveCfg = Debug|Any CPU
		{5F021E0D-EDEE-47C2-A57E-5EEC855D7154}.Debug|Any CPU.Build.0 = Debug|Any CPU
		{5F021E0D-EDEE-47C2-A57E-5EEC855D7154}.Release|Any CPU.ActiveCfg = Release|Any CPU
		{5F021E0D-EDEE-47C2-A57E-5EEC855D7154}.Release|Any CPU.Build.0 = Release|Any CPU
		{E2DB7CE9-5589-42B6-BAFA-6A6D91483BCA}.Debug|Any CPU.ActiveCfg = Debug|Any CPU
		{E2DB7CE9-5589-42B6-BAFA-6A6D91483BCA}.Debug|Any CPU.Build.0 = Debug|Any CPU
		{E2DB7CE9-5589-42B6-BAFA-6A6D91483BCA}.Release|Any CPU.ActiveCfg = Release|Any CPU
		{E2DB7CE9-5589-42B6-BAFA-6A6D91483BCA}.Release|Any CPU.Build.0 = Release|Any CPU
		{CE24A3EF-99E1-4FD1-B33C-D984D1243B2C}.Debug|Any CPU.ActiveCfg = Debug|Any CPU
		{CE24A3EF-99E1-4FD1-B33C-D984D1243B2C}.Debug|Any CPU.Build.0 = Debug|Any CPU
		{CE24A3EF-99E1-4FD1-B33C-D984D1243B2C}.Release|Any CPU.ActiveCfg = Release|Any CPU
		{CE24A3EF-99E1-4FD1-B33C-D984D1243B2C}.Release|Any CPU.Build.0 = Release|Any CPU
		{FCA64D80-BA00-4D7D-AE07-AD5F96DF4391}.Debug|Any CPU.ActiveCfg = Debug|Any CPU
		{FCA64D80-BA00-4D7D-AE07-AD5F96DF4391}.Debug|Any CPU.Build.0 = Debug|Any CPU
		{FCA64D80-BA00-4D7D-AE07-AD5F96DF4391}.Release|Any CPU.ActiveCfg = Release|Any CPU
		{FCA64D80-BA00-4D7D-AE07-AD5F96DF4391}.Release|Any CPU.Build.0 = Release|Any CPU
		{DF891895-3635-49B0-8FC7-6E6663CECB81}.Debug|Any CPU.ActiveCfg = Debug|Any CPU
		{DF891895-3635-49B0-8FC7-6E6663CECB81}.Debug|Any CPU.Build.0 = Debug|Any CPU
		{DF891895-3635-49B0-8FC7-6E6663CECB81}.Release|Any CPU.ActiveCfg = Release|Any CPU
		{DF891895-3635-49B0-8FC7-6E6663CECB81}.Release|Any CPU.Build.0 = Release|Any CPU
		{072710EF-3F79-4A27-A076-82C3DCA5732B}.Debug|Any CPU.ActiveCfg = Debug|Any CPU
		{072710EF-3F79-4A27-A076-82C3DCA5732B}.Debug|Any CPU.Build.0 = Debug|Any CPU
		{072710EF-3F79-4A27-A076-82C3DCA5732B}.Release|Any CPU.ActiveCfg = Release|Any CPU
		{072710EF-3F79-4A27-A076-82C3DCA5732B}.Release|Any CPU.Build.0 = Release|Any CPU
		{365DA20E-7497-45B0-8C09-D490DC680848}.Debug|Any CPU.ActiveCfg = Debug|Any CPU
		{365DA20E-7497-45B0-8C09-D490DC680848}.Debug|Any CPU.Build.0 = Debug|Any CPU
		{365DA20E-7497-45B0-8C09-D490DC680848}.Release|Any CPU.ActiveCfg = Release|Any CPU
		{365DA20E-7497-45B0-8C09-D490DC680848}.Release|Any CPU.Build.0 = Release|Any CPU
		{D3DC58C9-E5EA-47DC-AA29-4EADE8CCFA8D}.Debug|Any CPU.ActiveCfg = Debug|Any CPU
		{D3DC58C9-E5EA-47DC-AA29-4EADE8CCFA8D}.Debug|Any CPU.Build.0 = Debug|Any CPU
		{D3DC58C9-E5EA-47DC-AA29-4EADE8CCFA8D}.Release|Any CPU.ActiveCfg = Release|Any CPU
		{D3DC58C9-E5EA-47DC-AA29-4EADE8CCFA8D}.Release|Any CPU.Build.0 = Release|Any CPU
		{AAEF5CDE-3B37-4FDC-A34B-04335B8BFFF0}.Debug|Any CPU.ActiveCfg = Debug|Any CPU
		{AAEF5CDE-3B37-4FDC-A34B-04335B8BFFF0}.Debug|Any CPU.Build.0 = Debug|Any CPU
		{AAEF5CDE-3B37-4FDC-A34B-04335B8BFFF0}.Release|Any CPU.ActiveCfg = Release|Any CPU
		{AAEF5CDE-3B37-4FDC-A34B-04335B8BFFF0}.Release|Any CPU.Build.0 = Release|Any CPU
		{728173EA-1F9A-4DF1-B98E-407F8C9D7C11}.Debug|Any CPU.ActiveCfg = Debug|Any CPU
		{728173EA-1F9A-4DF1-B98E-407F8C9D7C11}.Debug|Any CPU.Build.0 = Debug|Any CPU
		{728173EA-1F9A-4DF1-B98E-407F8C9D7C11}.Release|Any CPU.ActiveCfg = Release|Any CPU
		{728173EA-1F9A-4DF1-B98E-407F8C9D7C11}.Release|Any CPU.Build.0 = Release|Any CPU
		{7B215AC7-ADA4-4D3F-B12B-B3932E6CB67F}.Debug|Any CPU.ActiveCfg = Debug|Any CPU
		{7B215AC7-ADA4-4D3F-B12B-B3932E6CB67F}.Debug|Any CPU.Build.0 = Debug|Any CPU
		{7B215AC7-ADA4-4D3F-B12B-B3932E6CB67F}.Release|Any CPU.ActiveCfg = Release|Any CPU
		{7B215AC7-ADA4-4D3F-B12B-B3932E6CB67F}.Release|Any CPU.Build.0 = Release|Any CPU
		{C8883CD8-3BD3-47AB-A0B7-68C680D36E20}.Debug|Any CPU.ActiveCfg = Debug|Any CPU
		{C8883CD8-3BD3-47AB-A0B7-68C680D36E20}.Debug|Any CPU.Build.0 = Debug|Any CPU
		{C8883CD8-3BD3-47AB-A0B7-68C680D36E20}.Release|Any CPU.ActiveCfg = Release|Any CPU
		{C8883CD8-3BD3-47AB-A0B7-68C680D36E20}.Release|Any CPU.Build.0 = Release|Any CPU
		{3F05D812-C9D0-45C3-92C6-84A79FA7A9EE}.Debug|Any CPU.ActiveCfg = Debug|Any CPU
		{3F05D812-C9D0-45C3-92C6-84A79FA7A9EE}.Debug|Any CPU.Build.0 = Debug|Any CPU
		{3F05D812-C9D0-45C3-92C6-84A79FA7A9EE}.Release|Any CPU.ActiveCfg = Release|Any CPU
		{3F05D812-C9D0-45C3-92C6-84A79FA7A9EE}.Release|Any CPU.Build.0 = Release|Any CPU
		{CC092074-344F-4040-82F7-0DA201EFC7F9}.Debug|Any CPU.ActiveCfg = Debug|Any CPU
		{CC092074-344F-4040-82F7-0DA201EFC7F9}.Debug|Any CPU.Build.0 = Debug|Any CPU
		{CC092074-344F-4040-82F7-0DA201EFC7F9}.Release|Any CPU.ActiveCfg = Release|Any CPU
		{CC092074-344F-4040-82F7-0DA201EFC7F9}.Release|Any CPU.Build.0 = Release|Any CPU
		{5AE16E0F-3B9B-47FB-AB16-D9BD6FEA7086}.Debug|Any CPU.ActiveCfg = Debug|Any CPU
		{5AE16E0F-3B9B-47FB-AB16-D9BD6FEA7086}.Debug|Any CPU.Build.0 = Debug|Any CPU
		{5AE16E0F-3B9B-47FB-AB16-D9BD6FEA7086}.Release|Any CPU.ActiveCfg = Release|Any CPU
		{5AE16E0F-3B9B-47FB-AB16-D9BD6FEA7086}.Release|Any CPU.Build.0 = Release|Any CPU
		{AAF70E22-E82A-4315-A1D9-2781A754E355}.Debug|Any CPU.ActiveCfg = Debug|Any CPU
		{AAF70E22-E82A-4315-A1D9-2781A754E355}.Debug|Any CPU.Build.0 = Debug|Any CPU
		{AAF70E22-E82A-4315-A1D9-2781A754E355}.Release|Any CPU.ActiveCfg = Release|Any CPU
		{AAF70E22-E82A-4315-A1D9-2781A754E355}.Release|Any CPU.Build.0 = Release|Any CPU
		{726622FD-C7BA-4922-82F2-2D623E9E0264}.Debug|Any CPU.ActiveCfg = Debug|Any CPU
		{726622FD-C7BA-4922-82F2-2D623E9E0264}.Debug|Any CPU.Build.0 = Debug|Any CPU
		{726622FD-C7BA-4922-82F2-2D623E9E0264}.Release|Any CPU.ActiveCfg = Release|Any CPU
		{726622FD-C7BA-4922-82F2-2D623E9E0264}.Release|Any CPU.Build.0 = Release|Any CPU
		{52D33126-6182-45E0-8110-E959BAFF72F8}.Debug|Any CPU.ActiveCfg = Debug|Any CPU
		{52D33126-6182-45E0-8110-E959BAFF72F8}.Debug|Any CPU.Build.0 = Debug|Any CPU
		{52D33126-6182-45E0-8110-E959BAFF72F8}.Release|Any CPU.ActiveCfg = Release|Any CPU
		{52D33126-6182-45E0-8110-E959BAFF72F8}.Release|Any CPU.Build.0 = Release|Any CPU
		{8AEB1F98-C5E9-42ED-94DE-20A2BDEC2DBA}.Debug|Any CPU.ActiveCfg = Debug|Any CPU
		{8AEB1F98-C5E9-42ED-94DE-20A2BDEC2DBA}.Debug|Any CPU.Build.0 = Debug|Any CPU
		{8AEB1F98-C5E9-42ED-94DE-20A2BDEC2DBA}.Release|Any CPU.ActiveCfg = Release|Any CPU
		{8AEB1F98-C5E9-42ED-94DE-20A2BDEC2DBA}.Release|Any CPU.Build.0 = Release|Any CPU
	EndGlobalSection
	GlobalSection(SolutionProperties) = preSolution
		HideSolutionNode = FALSE
	EndGlobalSection
	GlobalSection(NestedProjects) = preSolution
		{C8779BCC-5A76-4968-A5AE-5AC85B70C759} = {CAD3EA13-E0DC-4CD9-8499-5BC6A45CFA46}
		{CE972A42-5322-4EBA-ABB7-1403CBB007BC} = {CAD3EA13-E0DC-4CD9-8499-5BC6A45CFA46}
		{F622BEEB-CB4B-4AF1-95CA-E928923AFAEC} = {CAD3EA13-E0DC-4CD9-8499-5BC6A45CFA46}
		{5F021E0D-EDEE-47C2-A57E-5EEC855D7154} = {CAD3EA13-E0DC-4CD9-8499-5BC6A45CFA46}
		{CE24A3EF-99E1-4FD1-B33C-D984D1243B2C} = {CAD3EA13-E0DC-4CD9-8499-5BC6A45CFA46}
		{FCA64D80-BA00-4D7D-AE07-AD5F96DF4391} = {CAD3EA13-E0DC-4CD9-8499-5BC6A45CFA46}
		{DF891895-3635-49B0-8FC7-6E6663CECB81} = {CAD3EA13-E0DC-4CD9-8499-5BC6A45CFA46}
		{072710EF-3F79-4A27-A076-82C3DCA5732B} = {CAD3EA13-E0DC-4CD9-8499-5BC6A45CFA46}
		{365DA20E-7497-45B0-8C09-D490DC680848} = {CAD3EA13-E0DC-4CD9-8499-5BC6A45CFA46}
		{D3DC58C9-E5EA-47DC-AA29-4EADE8CCFA8D} = {CAD3EA13-E0DC-4CD9-8499-5BC6A45CFA46}
		{AAEF5CDE-3B37-4FDC-A34B-04335B8BFFF0} = {CAD3EA13-E0DC-4CD9-8499-5BC6A45CFA46}
		{728173EA-1F9A-4DF1-B98E-407F8C9D7C11} = {CAD3EA13-E0DC-4CD9-8499-5BC6A45CFA46}
		{7B215AC7-ADA4-4D3F-B12B-B3932E6CB67F} = {CAD3EA13-E0DC-4CD9-8499-5BC6A45CFA46}
		{C8883CD8-3BD3-47AB-A0B7-68C680D36E20} = {CAD3EA13-E0DC-4CD9-8499-5BC6A45CFA46}
		{3F05D812-C9D0-45C3-92C6-84A79FA7A9EE} = {CAD3EA13-E0DC-4CD9-8499-5BC6A45CFA46}
		{CC092074-344F-4040-82F7-0DA201EFC7F9} = {CAD3EA13-E0DC-4CD9-8499-5BC6A45CFA46}
		{5AE16E0F-3B9B-47FB-AB16-D9BD6FEA7086} = {CAD3EA13-E0DC-4CD9-8499-5BC6A45CFA46}
		{AAF70E22-E82A-4315-A1D9-2781A754E355} = {CAD3EA13-E0DC-4CD9-8499-5BC6A45CFA46}
		{726622FD-C7BA-4922-82F2-2D623E9E0264} = {CAD3EA13-E0DC-4CD9-8499-5BC6A45CFA46}
		{52D33126-6182-45E0-8110-E959BAFF72F8} = {CAD3EA13-E0DC-4CD9-8499-5BC6A45CFA46}
	EndGlobalSection
	GlobalSection(ExtensibilityGlobals) = postSolution
		SolutionGuid = {5B2CEA93-2D07-498E-997E-606E00FB2CAB}
	EndGlobalSection
EndGlobal
